{
    "name": "nulis-disini",
    "version": "1.0.0",
    "lockfileVersion": 3,
    "dependencies": {
      "@nomicfoundation/hardhat-ignition": {
        "version": "0.15.4",
        "resolved": "https://registry.npmjs.org/@nomicfoundation/hardhat-ignition/-/hardhat-ignition-0.15.4.tgz",
        "integrity": "sha512-...hash...",
        "engines": {
          "node": ">=12.0.0"
        }
      },
      "@nomicfoundation/hardhat-toolbox": {
        "version": "5.0.0",
        "resolved": "https://registry.npmjs.org/@nomicfoundation/hardhat-toolbox/-/hardhat-toolbox-5.0.0.tgz",
        "integrity": "sha512-...hash...",
        "engines": {
          "node": ">=12.0.0"
        }
      },
      "@openzeppelin/contracts": {
        "version": "5.0.2",
        "resolved": "https://registry.npmjs.org/@openzeppelin/contracts/-/contracts-5.0.2.tgz",
        "integrity": "sha512-...hash...",
        "engines": {
          "node": ">=12.0.0"
        }
      },
      "@uniswap/v2-periphery": {
        "version": "1.1.0-beta.0",
        "resolved": "https://registry.npmjs.org/@uniswap/v2-periphery/-/v2-periphery-1.1.0-beta.0.tgz",
        "integrity": "sha512-...hash...",
        "engines": {
          "node": ">=12.0.0"
        }
      },
      "dotenv": {
        "version": "16.0.0",
        "resolved": "https://registry.npmjs.org/dotenv/-/dotenv-16.0.0.tgz",
        "integrity": "sha512-...hash...",
        "engines": {
          "node": ">=12.0.0"
        }
      },
      "ethers": {
        "version": "5.0.0",
        "resolved": "https://registry.npmjs.org/ethers/-/ethers-5.0.0.tgz",
        "integrity": "sha512-...hash...",
        "engines": {
          "node": ">=12.0.0"
        }
      },
      "ethereum-waffle": {
        "version": "3.1.1",
        "resolved": "https://registry.npmjs.org/ethereum-waffle/-/ethereum-waffle-3.1.1.tgz",
        "integrity": "sha512-...hash...",
        "engines": {
          "node": ">=12.0.0"
        }
      },
      "hardhat": {
        "version": "2.22.5",
        "resolved": "https://registry.npmjs.org/hardhat/-/hardhat-2.22.5.tgz",
        "integrity": "sha512-...hash...",
        "engines": {
          "node": ">=12.0.0"
        }
      },
      "@nomiclabs/hardhat-ethers": {
        "version": "2.0.0",
        "resolved": "https://registry.npmjs.org/@nomiclabs/hardhat-ethers/-/hardhat-ethers-2.0.0.tgz",
        "integrity": "sha512-...hash...",
        "engines": {
          "node": ">=12.0.0"
        }
      },
      "@nomiclabs/hardhat-waffle": {
        "version": "2.0.0",
        "resolved": "https://registry.npmjs.org/@nomiclabs/hardhat-waffle/-/hardhat-waffle-2.0.0.tgz",
        "integrity": "sha512-...hash...",
        "engines": {
          "node": ">=12.0.0"
        }
      }
    },
    "engines": {
      "node": ">=12.0.0"
    }
  }
  